<?xml version="1.0" encoding="utf-8"?>
<Project ToolsVersion="4.0" xmlns="http://schemas.microsoft.com/developer/msbuild/2003">
  <ItemGroup>
    <ClInclude Include="fKnapsack.h">
      <Filter>Knapsack</Filter>
    </ClInclude>
    <ClInclude Include="Item.h">
      <Filter>Item</Filter>
    </ClInclude>
  </ItemGroup>
  <ItemGroup>
    <ClCompile Include="TestMain.cpp" />
    <ClCompile Include="fKnapsack.cpp">
      <Filter>Knapsack</Filter>
    </ClCompile>
    <ClCompile Include="Item.cpp">
      <Filter>Item</Filter>
    </ClCompile>
  </ItemGroup>
  <ItemGroup>
    <Filter Include="Knapsack">
      <UniqueIdentifier>{d172b4b9-5579-4f69-87f0-b7c83a72431f}</UniqueIdentifier>
    </Filter>
    <Filter Include="Item">
      <UniqueIdentifier>{35bb3213-a9a1-437c-9979-03491d94ee16}</UniqueIdentifier>
    </Filter>
  </ItemGroup>
</Project>