<?xml version="1.0" encoding="utf-8"?>
<Project ToolsVersion="4.0" xmlns="http://schemas.microsoft.com/developer/msbuild/2003">
  <ItemGroup>
    <ClCompile Include="TestMain.cpp">
      <Filter>Main</Filter>
    </ClCompile>
    <ClCompile Include="ShortestPathDAG.cpp">
      <Filter>Algo</Filter>
    </ClCompile>
    <ClCompile Include="ShortestPathDCG.cpp">
      <Filter>Algo</Filter>
    </ClCompile>
    <ClCompile Include="Vertex.cpp">
      <Filter>Graph</Filter>
    </ClCompile>
  </ItemGroup>
  <ItemGroup>
    <ClInclude Include="Edge.h">
      <Filter>Graph</Filter>
    </ClInclude>
    <ClInclude Include="Vertex.h">
      <Filter>Graph</Filter>
    </ClInclude>
    <ClInclude Include="ShortestPathDAG.h">
      <Filter>Algo</Filter>
    </ClInclude>
    <ClInclude Include="ShortestPathDCG.h">
      <Filter>Algo</Filter>
    </ClInclude>
  </ItemGroup>
  <ItemGroup>
    <Filter Include="Graph">
      <UniqueIdentifier>{ad7eb2ce-a8e5-4882-b3ae-10b8bbc2ab09}</UniqueIdentifier>
    </Filter>
    <Filter Include="Algo">
      <UniqueIdentifier>{98150d7d-33d9-4ef6-afb2-191e4e45af77}</UniqueIdentifier>
    </Filter>
    <Filter Include="Main">
      <UniqueIdentifier>{2dd0e804-ffe4-40e1-a8dd-0a7c8ad6b462}</UniqueIdentifier>
    </Filter>
  </ItemGroup>
</Project>