<?xml version="1.0" encoding="utf-8"?>
<Project ToolsVersion="4.0" xmlns="http://schemas.microsoft.com/developer/msbuild/2003">
  <ItemGroup>
    <ClCompile Include="main.c" />
    <ClCompile Include="problem_analysis_2.txt" />
    <ClCompile Include="problem_analysis_3.txt" />
  </ItemGroup>
  <ItemGroup>
    <Text Include="problem_analysis_1.txt" />
  </ItemGroup>
</Project>